
Microsoft Visual Studio Solution File, Format Version 12.00
# Visual Studio Version 17
VisualStudioVersion = 17.9.34622.214
MinimumVisualStudioVersion = 10.0.40219.1
Project("{FAE04EC0-301F-11D3-BF4B-00C04F79EFBC}") = "CapaPresentacion", "CapaPresentacion\CapaPresentacion.csproj", "{660A9919-C10B-48C8-B9D0-BE85E21331B6}"
EndProject
Project("{FAE04EC0-301F-11D3-BF4B-00C04F79EFBC}") = "CapaEntidad", "CapaEntidad\CapaEntidad.csproj", "{FE74512A-F20C-4783-9441-386D3F8F6C87}"
EndProject
Project("{FAE04EC0-301F-11D3-BF4B-00C04F79EFBC}") = "CapaNegocio", "CapaNegocio\CapaNegocio.csproj", "{77DFB276-413F-4624-A764-057DF01A2C6A}"
EndProject
Project("{FAE04EC0-301F-11D3-BF4B-00C04F79EFBC}") = "CapaDatos", "CapaDatos\CapaDatos.csproj", "{CBDCE73E-83F3-4D68-B6DB-D63951CBD456}"
EndProject
Global
	GlobalSection(SolutionConfigurationPlatforms) = preSolution
		Debug|Any CPU = Debug|Any CPU
		Release|Any CPU = Release|Any CPU
	EndGlobalSection
	GlobalSection(ProjectConfigurationPlatforms) = postSolution
		{660A9919-C10B-48C8-B9D0-BE85E21331B6}.Debug|Any CPU.ActiveCfg = Debug|Any CPU
		{660A9919-C10B-48C8-B9D0-BE85E21331B6}.Debug|Any CPU.Build.0 = Debug|Any CPU
		{660A9919-C10B-48C8-B9D0-BE85E21331B6}.Release|Any CPU.ActiveCfg = Release|Any CPU
		{660A9919-C10B-48C8-B9D0-BE85E21331B6}.Release|Any CPU.Build.0 = Release|Any CPU
		{FE74512A-F20C-4783-9441-386D3F8F6C87}.Debug|Any CPU.ActiveCfg = Debug|Any CPU
		{FE74512A-F20C-4783-9441-386D3F8F6C87}.Debug|Any CPU.Build.0 = Debug|Any CPU
		{FE74512A-F20C-4783-9441-386D3F8F6C87}.Release|Any CPU.ActiveCfg = Release|Any CPU
		{FE74512A-F20C-4783-9441-386D3F8F6C87}.Release|Any CPU.Build.0 = Release|Any CPU
		{77DFB276-413F-4624-A764-057DF01A2C6A}.Debug|Any CPU.ActiveCfg = Debug|Any CPU
		{77DFB276-413F-4624-A764-057DF01A2C6A}.Debug|Any CPU.Build.0 = Debug|Any CPU
		{77DFB276-413F-4624-A764-057DF01A2C6A}.Release|Any CPU.ActiveCfg = Release|Any CPU
		{77DFB276-413F-4624-A764-057DF01A2C6A}.Release|Any CPU.Build.0 = Release|Any CPU
		{CBDCE73E-83F3-4D68-B6DB-D63951CBD456}.Debug|Any CPU.ActiveCfg = Debug|Any CPU
		{CBDCE73E-83F3-4D68-B6DB-D63951CBD456}.Debug|Any CPU.Build.0 = Debug|Any CPU
		{CBDCE73E-83F3-4D68-B6DB-D63951CBD456}.Release|Any CPU.ActiveCfg = Release|Any CPU
		{CBDCE73E-83F3-4D68-B6DB-D63951CBD456}.Release|Any CPU.Build.0 = Release|Any CPU
	EndGlobalSection
	GlobalSection(SolutionProperties) = preSolution
		HideSolutionNode = FALSE
	EndGlobalSection
	GlobalSection(ExtensibilityGlobals) = postSolution
		SolutionGuid = {251D5006-288B-4037-9145-B58C82733E99}
	EndGlobalSection
EndGlobal
